uuid: cc8f5ff6-e4bb-4d18-b714-215d032c7f38
langcode: en
status: true
dependencies:
  module:
    - demo_search
    - system
  theme:
    - demo_theme
id: demo_theme_reactexampleblock
theme: demo_theme
region: content
weight: 0
provider: null
plugin: react_example_block
settings:
  id: react_example_block
  label: 'React example block'
  label_display: '0'
  provider: demo_search
visibility:
  request_path:
    id: request_path
    negate: false
    pages: /search
